
Microsoft Visual Studio Solution File, Format Version 12.00
# Visual Studio Version 17
VisualStudioVersion = 17.3.32929.385
MinimumVisualStudioVersion = 10.0.40219.1
Project("{FAE04EC0-301F-11D3-BF4B-00C04F79EFBC}") = "TranMinhDuc_201210096", "TranMinhDuc_201210096\TranMinhDuc_201210096.csproj", "{878F5570-7D02-493B-9B38-74995A27F08C}"
EndProject
Global
	GlobalSection(SolutionConfigurationPlatforms) = preSolution
		Debug|Any CPU = Debug|Any CPU
		Release|Any CPU = Release|Any CPU
	EndGlobalSection
	GlobalSection(ProjectConfigurationPlatforms) = postSolution
		{878F5570-7D02-493B-9B38-74995A27F08C}.Debug|Any CPU.ActiveCfg = Debug|Any CPU
		{878F5570-7D02-493B-9B38-74995A27F08C}.Debug|Any CPU.Build.0 = Debug|Any CPU
		{878F5570-7D02-493B-9B38-74995A27F08C}.Release|Any CPU.ActiveCfg = Release|Any CPU
		{878F5570-7D02-493B-9B38-74995A27F08C}.Release|Any CPU.Build.0 = Release|Any CPU
	EndGlobalSection
	GlobalSection(SolutionProperties) = preSolution
		HideSolutionNode = FALSE
	EndGlobalSection
	GlobalSection(ExtensibilityGlobals) = postSolution
		SolutionGuid = {0042A1AD-C751-44CB-A620-B36D9FF01A71}
	EndGlobalSection
EndGlobal
